
Microsoft Visual Studio Solution File, Format Version 12.00
# Visual Studio Version 17
VisualStudioVersion = 17.4.33213.308
MinimumVisualStudioVersion = 10.0.40219.1
Project("{9A19103F-16F7-4668-BE54-9A1E7A4F7556}") = "FilesApp", "FilesApp.csproj", "{190DBB24-4B6E-447D-9856-419514EC4995}"
EndProject
Global
	GlobalSection(SolutionConfigurationPlatforms) = preSolution
		Debug|Any CPU = Debug|Any CPU
		Release|Any CPU = Release|Any CPU
	EndGlobalSection
	GlobalSection(ProjectConfigurationPlatforms) = postSolution
		{190DBB24-4B6E-447D-9856-419514EC4995}.Debug|Any CPU.ActiveCfg = Debug|Any CPU
		{190DBB24-4B6E-447D-9856-419514EC4995}.Debug|Any CPU.Build.0 = Debug|Any CPU
		{190DBB24-4B6E-447D-9856-419514EC4995}.Release|Any CPU.ActiveCfg = Release|Any CPU
		{190DBB24-4B6E-447D-9856-419514EC4995}.Release|Any CPU.Build.0 = Release|Any CPU
	EndGlobalSection
	GlobalSection(SolutionProperties) = preSolution
		HideSolutionNode = FALSE
	EndGlobalSection
	GlobalSection(ExtensibilityGlobals) = postSolution
		SolutionGuid = {94675532-E4BF-4E57-B52D-9A72B6B77AD8}
	EndGlobalSection
EndGlobal
